<Solution>
  <Project Path="../DeployCustomerAgentToFoundryClient/DeployCustomerAgentToFoundryClient.csproj" Id="8bce2350-3a2a-4cd1-b047-8ec456ef617d" />
  <Project Path="DeployFoundryCustomerAgent/DeployFoundryCustomerAgent.csproj" Id="80a285c8-6b30-474c-9e74-a43763c61a4c" />
  <Project Path="docker-compose.dcproj">
    <Build />
  </Project>
</Solution>
