<Solution>
  <Project Path="../SimpleRestCustomerAgent/SimpleRestCustomerAgent.csproj" Id="0bd5550b-1c24-4cde-9640-b1a9c6508920" />
  <Project Path="AdvancedCustomerAgent/AdvancedCustomerAgent.csproj" />
  <Project Path="DeployFounderyCustomerAgentViaEmptyProject/SimpleCustomerAgent.csproj" />
  <Project Path="DeployFoundryCustomerAgent/DeployFoundryCustomerAgent.csproj" />
  <Project Path="docker-compose.dcproj">
    <Build />
  </Project>
</Solution>
